{
  "name": "dist-use-use",
  "version": "0.0.0",
  "lockfileVersion": 3,
  "requires": true,
  "packages": {
    "": {
      "name": "dist-use-use",
      "version": "0.0.0",
      "dependencies": {
        "dist-use": "file:../dist-use"
      }
    },
    "../dist-use": {
      "version": "0.0.0",
      "dependencies": {
        "svg-to-deck-converter": "file:.."
      },
      "devDependencies": {
        "@types/node": "^18.19.0",
        "tsup": "^8.5.0",
        "typescript": "~6.0.2"
      }
    },
    "node_modules/dist-use": {
      "resolved": "../dist-use",
      "link": true
    }
  }
}
